
Microsoft Visual Studio Solution File, Format Version 12.00
# Visual Studio 15
Project("{FAE04EC0-301F-11D3-BF4B-00C04F79EFBC}") = "Oculus.Platform", "Oculus.Platform.csproj", "{1C592D33-A623-4865-E89B-659E219CCA93}"
EndProject
Project("{FAE04EC0-301F-11D3-BF4B-00C04F79EFBC}") = "Assembly-CSharp", "Assembly-CSharp.csproj", "{F913EE28-33B4-1EE4-1DE9-024D9EC8175E}"
EndProject
Project("{FAE04EC0-301F-11D3-BF4B-00C04F79EFBC}") = "Meta.WitAi", "Meta.WitAi.csproj", "{4F53DA2B-5174-140A-6A9C-8FAC269FEE17}"
EndProject
Project("{FAE04EC0-301F-11D3-BF4B-00C04F79EFBC}") = "Oculus.Spatializer", "Oculus.Spatializer.csproj", "{0153D958-91D5-1278-3916-9C8F5765895A}"
EndProject
Project("{FAE04EC0-301F-11D3-BF4B-00C04F79EFBC}") = "Oculus.Interaction", "Oculus.Interaction.csproj", "{965DA5FA-2023-2965-8E7F-C9F3E6948E91}"
EndProject
Project("{FAE04EC0-301F-11D3-BF4B-00C04F79EFBC}") = "Meta.WitAi.Lib", "Meta.WitAi.Lib.csproj", "{DE93E425-C0D2-25A1-0582-868A6937B084}"
EndProject
Project("{FAE04EC0-301F-11D3-BF4B-00C04F79EFBC}") = "Oculus.Interaction.OVR.Samples", "Oculus.Interaction.OVR.Samples.csproj", "{418A53D4-D7A5-7D5B-4D8C-C9607316F1E0}"
EndProject
Project("{FAE04EC0-301F-11D3-BF4B-00C04F79EFBC}") = "Oculus.VR", "Oculus.VR.csproj", "{312ACC32-8185-3471-C55D-636813D04FA9}"
EndProject
Project("{FAE04EC0-301F-11D3-BF4B-00C04F79EFBC}") = "Meta.XR.BuildingBlocks", "Meta.XR.BuildingBlocks.csproj", "{A0DA0162-132C-579A-CF0B-D5267CC3B4AA}"
EndProject
Project("{FAE04EC0-301F-11D3-BF4B-00C04F79EFBC}") = "Meta.Voice.Samples.LiveUnderstanding", "Meta.Voice.Samples.LiveUnderstanding.csproj", "{EC2339C8-C408-0166-8F94-70DD1A9C3BF0}"
EndProject
Project("{FAE04EC0-301F-11D3-BF4B-00C04F79EFBC}") = "VoiceSDK.Dictation.Runtime", "VoiceSDK.Dictation.Runtime.csproj", "{36B6FF6B-8E54-F2DA-A65C-DAA2CF82F3C7}"
EndProject
Project("{FAE04EC0-301F-11D3-BF4B-00C04F79EFBC}") = "Meta.WitAi.TTS", "Meta.WitAi.TTS.csproj", "{31A72D10-EC0D-E297-EF1C-4E61E90A7202}"
EndProject
Project("{FAE04EC0-301F-11D3-BF4B-00C04F79EFBC}") = "Oculus.AudioManager", "Oculus.AudioManager.csproj", "{01026C37-3E1A-D455-120E-4331DDC356A4}"
EndProject
Project("{FAE04EC0-301F-11D3-BF4B-00C04F79EFBC}") = "Meta.Voice.Hub.Runtime", "Meta.Voice.Hub.Runtime.csproj", "{48673020-CDA2-C490-8C1D-915A7F68A409}"
EndProject
Project("{FAE04EC0-301F-11D3-BF4B-00C04F79EFBC}") = "VoiceSDK.Runtime", "VoiceSDK.Runtime.csproj", "{5CB7CE09-E001-D863-5146-27FA493F7948}"
EndProject
Project("{FAE04EC0-301F-11D3-BF4B-00C04F79EFBC}") = "Facebook.Wit.Dictation", "Facebook.Wit.Dictation.csproj", "{08E99FC7-8584-F380-9FA1-1049A9863D23}"
EndProject
Project("{FAE04EC0-301F-11D3-BF4B-00C04F79EFBC}") = "Meta.Voice.Samples.Dictation", "Meta.Voice.Samples.Dictation.csproj", "{B9796E57-B77C-C5B4-038B-10772ABFEB51}"
EndProject
Project("{FAE04EC0-301F-11D3-BF4B-00C04F79EFBC}") = "Oculus.Interaction.OVR", "Oculus.Interaction.OVR.csproj", "{7A293115-F21D-914E-32FD-311108B886AC}"
EndProject
Project("{FAE04EC0-301F-11D3-BF4B-00C04F79EFBC}") = "AssistantCoreSDKRuntime", "AssistantCoreSDKRuntime.csproj", "{4BCFC971-802C-7834-4B42-A930234C8248}"
EndProject
Project("{FAE04EC0-301F-11D3-BF4B-00C04F79EFBC}") = "Meta.WitAi.Conduit", "Meta.WitAi.Conduit.csproj", "{085BD99B-80E0-95A0-C5B6-46D26B305F41}"
EndProject
Project("{FAE04EC0-301F-11D3-BF4B-00C04F79EFBC}") = "Oculus.LipSync", "Oculus.LipSync.csproj", "{F7BF6A89-6A7E-8256-7120-A3B853535F54}"
EndProject
Project("{FAE04EC0-301F-11D3-BF4B-00C04F79EFBC}") = "Meta.Voice.Samples.Shapes", "Meta.Voice.Samples.Shapes.csproj", "{90E8F8E5-EF75-0D38-2451-2AED92E436CC}"
EndProject
Project("{FAE04EC0-301F-11D3-BF4B-00C04F79EFBC}") = "Meta.Voice.Samples.TTSVoices", "Meta.Voice.Samples.TTSVoices.csproj", "{4FC0C396-6941-7B09-4BD3-F6A189330C90}"
EndProject
Project("{FAE04EC0-301F-11D3-BF4B-00C04F79EFBC}") = "Meta.VoiceSDK.Mic.Other", "Meta.VoiceSDK.Mic.Other.csproj", "{D1AFC862-E771-C22A-20BC-F87708F054FF}"
EndProject
Project("{FAE04EC0-301F-11D3-BF4B-00C04F79EFBC}") = "Meta.VoiceSDK.Mic.Common", "Meta.VoiceSDK.Mic.Common.csproj", "{45E7B541-6A17-DFF3-30C0-BA98F6BB4AC5}"
EndProject
Project("{FAE04EC0-301F-11D3-BF4B-00C04F79EFBC}") = "Meta.Voice.Samples.Chess", "Meta.Voice.Samples.Chess.csproj", "{8A1C9687-9726-F690-57E5-3B2CF16915F4}"
EndProject
Project("{FAE04EC0-301F-11D3-BF4B-00C04F79EFBC}") = "Meta.Voice.Samples.ShapesConduit", "Meta.Voice.Samples.ShapesConduit.csproj", "{697CAED8-0C1A-9D50-143B-F582F96BA3A6}"
EndProject
Project("{FAE04EC0-301F-11D3-BF4B-00C04F79EFBC}") = "Meta.VoiceSDK.Mic.WebGL", "Meta.VoiceSDK.Mic.WebGL.csproj", "{19050BC1-6B72-E972-2CC8-26D492AD6A48}"
EndProject
Project("{FAE04EC0-301F-11D3-BF4B-00C04F79EFBC}") = "Meta.Voice.Samples.BuiltInTimer", "Meta.Voice.Samples.BuiltInTimer.csproj", "{9DFDF4C0-A97D-F8E0-B220-EE5A98DA10D3}"
EndProject
Project("{FAE04EC0-301F-11D3-BF4B-00C04F79EFBC}") = "Meta.Voice.Samples.LightTraits", "Meta.Voice.Samples.LightTraits.csproj", "{24E9DEE6-0779-C08C-F88D-D56F36AE6A45}"
EndProject
Project("{FAE04EC0-301F-11D3-BF4B-00C04F79EFBC}") = "Meta.WitAi.Editor", "Meta.WitAi.Editor.csproj", "{1D727360-D770-D4EC-1DE9-181374D09E52}"
EndProject
Project("{FAE04EC0-301F-11D3-BF4B-00C04F79EFBC}") = "Oculus.Interaction.Editor", "Oculus.Interaction.Editor.csproj", "{C92AE2ED-D149-D264-152D-3B0EBB2956CB}"
EndProject
Project("{FAE04EC0-301F-11D3-BF4B-00C04F79EFBC}") = "Meta.Voice.Hub.Editor", "Meta.Voice.Hub.Editor.csproj", "{E1732EAB-4673-0A00-3EFA-0073843502B7}"
EndProject
Project("{FAE04EC0-301F-11D3-BF4B-00C04F79EFBC}") = "Meta.WitAI.Lib.Editor", "Meta.WitAI.Lib.Editor.csproj", "{2CAD71A0-8589-C061-8068-C583A773D652}"
EndProject
Project("{FAE04EC0-301F-11D3-BF4B-00C04F79EFBC}") = "Oculus.VR.Editor", "Oculus.VR.Editor.csproj", "{99548663-75A5-C07F-13B3-5138B3F6ECB0}"
EndProject
Project("{FAE04EC0-301F-11D3-BF4B-00C04F79EFBC}") = "Meta.WitAi.Conduit.Editor", "Meta.WitAi.Conduit.Editor.csproj", "{E1F03588-3143-FE2B-D1FD-781EEE6146EC}"
EndProject
Project("{FAE04EC0-301F-11D3-BF4B-00C04F79EFBC}") = "VoiceSDK.Telemetry", "VoiceSDK.Telemetry.csproj", "{FF3DA56F-380C-51D9-0F42-C1B95477D85D}"
EndProject
Project("{FAE04EC0-301F-11D3-BF4B-00C04F79EFBC}") = "Oculus.Interaction.OVR.Editor", "Oculus.Interaction.OVR.Editor.csproj", "{1FF6A505-B8FA-496D-7DE9-7680DDB97557}"
EndProject
Project("{FAE04EC0-301F-11D3-BF4B-00C04F79EFBC}") = "Meta.XR.BuildingBlocks.Editor", "Meta.XR.BuildingBlocks.Editor.csproj", "{3D41E450-5B6D-8514-53E4-4C5E13316B6F}"
EndProject
Project("{FAE04EC0-301F-11D3-BF4B-00C04F79EFBC}") = "Assembly-CSharp-Editor", "Assembly-CSharp-Editor.csproj", "{672DADD8-17CB-0CDA-CDD3-8312CA287701}"
EndProject
Project("{FAE04EC0-301F-11D3-BF4B-00C04F79EFBC}") = "Oculus.Interaction.Samples.Editor", "Oculus.Interaction.Samples.Editor.csproj", "{8F1E2736-5550-9A34-999A-5CB27DFFB411}"
EndProject
Project("{FAE04EC0-301F-11D3-BF4B-00C04F79EFBC}") = "Oculus.VR.Scripts.Editor", "Oculus.VR.Scripts.Editor.csproj", "{2A9F1C7D-4C73-74B6-E731-4D790FD5E35C}"
EndProject
Project("{FAE04EC0-301F-11D3-BF4B-00C04F79EFBC}") = "VoiceSDK.Editor", "VoiceSDK.Editor.csproj", "{FCF8198B-EC54-32F5-B3D3-19D4BD195578}"
EndProject
Project("{FAE04EC0-301F-11D3-BF4B-00C04F79EFBC}") = "Oculus.Spatializer.Editor", "Oculus.Spatializer.Editor.csproj", "{F960B4D6-3204-E20E-7B1A-E7BA28CE6CE8}"
EndProject
Project("{FAE04EC0-301F-11D3-BF4B-00C04F79EFBC}") = "Meta.WitAi.TTS.Editor", "Meta.WitAi.TTS.Editor.csproj", "{D5FA5AB6-676E-FD4B-8575-1AA7FD393734}"
EndProject
Project("{FAE04EC0-301F-11D3-BF4B-00C04F79EFBC}") = "Facebook.Wit.Dictation.Editor", "Facebook.Wit.Dictation.Editor.csproj", "{44D0B62A-181D-5EA8-3267-26069672D46A}"
EndProject
Project("{FAE04EC0-301F-11D3-BF4B-00C04F79EFBC}") = "VoiceSDK.Dictation.Editor", "VoiceSDK.Dictation.Editor.csproj", "{64E80031-C6A1-D416-7F5E-B8124783A667}"
EndProject
Project("{FAE04EC0-301F-11D3-BF4B-00C04F79EFBC}") = "Oculus.Platform.Editor", "Oculus.Platform.Editor.csproj", "{93AB2D3B-B3DF-86A0-37B6-D030D58034E2}"
EndProject
Project("{FAE04EC0-301F-11D3-BF4B-00C04F79EFBC}") = "Oculus.AudioManager.Audio.Editor", "Oculus.AudioManager.Audio.Editor.csproj", "{56C51E1A-E2A4-3989-9506-77D7A33B5149}"
EndProject
Project("{FAE04EC0-301F-11D3-BF4B-00C04F79EFBC}") = "Oculus.Interaction.InterfaceSupport", "Oculus.Interaction.InterfaceSupport.csproj", "{6F870DD2-62C6-598F-A078-CD4AC0313BB6}"
EndProject
Project("{FAE04EC0-301F-11D3-BF4B-00C04F79EFBC}") = "Oculus.LipSync.Editor", "Oculus.LipSync.Editor.csproj", "{DF12C766-A3A5-E999-BA6C-34C454B71128}"
EndProject
Project("{FAE04EC0-301F-11D3-BF4B-00C04F79EFBC}") = "Meta.Voice.VSDKHub.Editor", "Meta.Voice.VSDKHub.Editor.csproj", "{0EC16A10-30EF-3E24-7E12-89782ACE1DD4}"
EndProject
Project("{FAE04EC0-301F-11D3-BF4B-00C04F79EFBC}") = "AssistantCoreSDKEditor", "AssistantCoreSDKEditor.csproj", "{9A19B643-A460-DA13-9BE5-7CE28AFC194F}"
EndProject
Project("{FAE04EC0-301F-11D3-BF4B-00C04F79EFBC}") = "Oculus.AudioManager.Utils.Editor", "Oculus.AudioManager.Utils.Editor.csproj", "{A93606ED-547C-BA1B-EF0B-0F28DFEEFFC0}"
EndProject
Global
	GlobalSection(SolutionConfigurationPlatforms) = preSolution
		Debug|Any CPU = Debug|Any CPU
		Release|Any CPU = Release|Any CPU
	EndGlobalSection
	GlobalSection(ProjectConfigurationPlatforms) = postSolution
		{1C592D33-A623-4865-E89B-659E219CCA93}.Debug|Any CPU.ActiveCfg = Debug|Any CPU
		{1C592D33-A623-4865-E89B-659E219CCA93}.Debug|Any CPU.Build.0 = Debug|Any CPU
		{1C592D33-A623-4865-E89B-659E219CCA93}.Release|Any CPU.ActiveCfg = Release|Any CPU
		{1C592D33-A623-4865-E89B-659E219CCA93}.Release|Any CPU.Build.0 = Release|Any CPU
		{F913EE28-33B4-1EE4-1DE9-024D9EC8175E}.Debug|Any CPU.ActiveCfg = Debug|Any CPU
		{F913EE28-33B4-1EE4-1DE9-024D9EC8175E}.Debug|Any CPU.Build.0 = Debug|Any CPU
		{F913EE28-33B4-1EE4-1DE9-024D9EC8175E}.Release|Any CPU.ActiveCfg = Release|Any CPU
		{F913EE28-33B4-1EE4-1DE9-024D9EC8175E}.Release|Any CPU.Build.0 = Release|Any CPU
		{4F53DA2B-5174-140A-6A9C-8FAC269FEE17}.Debug|Any CPU.ActiveCfg = Debug|Any CPU
		{4F53DA2B-5174-140A-6A9C-8FAC269FEE17}.Debug|Any CPU.Build.0 = Debug|Any CPU
		{4F53DA2B-5174-140A-6A9C-8FAC269FEE17}.Release|Any CPU.ActiveCfg = Release|Any CPU
		{4F53DA2B-5174-140A-6A9C-8FAC269FEE17}.Release|Any CPU.Build.0 = Release|Any CPU
		{0153D958-91D5-1278-3916-9C8F5765895A}.Debug|Any CPU.ActiveCfg = Debug|Any CPU
		{0153D958-91D5-1278-3916-9C8F5765895A}.Debug|Any CPU.Build.0 = Debug|Any CPU
		{0153D958-91D5-1278-3916-9C8F5765895A}.Release|Any CPU.ActiveCfg = Release|Any CPU
		{0153D958-91D5-1278-3916-9C8F5765895A}.Release|Any CPU.Build.0 = Release|Any CPU
		{965DA5FA-2023-2965-8E7F-C9F3E6948E91}.Debug|Any CPU.ActiveCfg = Debug|Any CPU
		{965DA5FA-2023-2965-8E7F-C9F3E6948E91}.Debug|Any CPU.Build.0 = Debug|Any CPU
		{965DA5FA-2023-2965-8E7F-C9F3E6948E91}.Release|Any CPU.ActiveCfg = Release|Any CPU
		{965DA5FA-2023-2965-8E7F-C9F3E6948E91}.Release|Any CPU.Build.0 = Release|Any CPU
		{DE93E425-C0D2-25A1-0582-868A6937B084}.Debug|Any CPU.ActiveCfg = Debug|Any CPU
		{DE93E425-C0D2-25A1-0582-868A6937B084}.Debug|Any CPU.Build.0 = Debug|Any CPU
		{DE93E425-C0D2-25A1-0582-868A6937B084}.Release|Any CPU.ActiveCfg = Release|Any CPU
		{DE93E425-C0D2-25A1-0582-868A6937B084}.Release|Any CPU.Build.0 = Release|Any CPU
		{418A53D4-D7A5-7D5B-4D8C-C9607316F1E0}.Debug|Any CPU.ActiveCfg = Debug|Any CPU
		{418A53D4-D7A5-7D5B-4D8C-C9607316F1E0}.Debug|Any CPU.Build.0 = Debug|Any CPU
		{418A53D4-D7A5-7D5B-4D8C-C9607316F1E0}.Release|Any CPU.ActiveCfg = Release|Any CPU
		{418A53D4-D7A5-7D5B-4D8C-C9607316F1E0}.Release|Any CPU.Build.0 = Release|Any CPU
		{312ACC32-8185-3471-C55D-636813D04FA9}.Debug|Any CPU.ActiveCfg = Debug|Any CPU
		{312ACC32-8185-3471-C55D-636813D04FA9}.Debug|Any CPU.Build.0 = Debug|Any CPU
		{312ACC32-8185-3471-C55D-636813D04FA9}.Release|Any CPU.ActiveCfg = Release|Any CPU
		{312ACC32-8185-3471-C55D-636813D04FA9}.Release|Any CPU.Build.0 = Release|Any CPU
		{A0DA0162-132C-579A-CF0B-D5267CC3B4AA}.Debug|Any CPU.ActiveCfg = Debug|Any CPU
		{A0DA0162-132C-579A-CF0B-D5267CC3B4AA}.Debug|Any CPU.Build.0 = Debug|Any CPU
		{A0DA0162-132C-579A-CF0B-D5267CC3B4AA}.Release|Any CPU.ActiveCfg = Release|Any CPU
		{A0DA0162-132C-579A-CF0B-D5267CC3B4AA}.Release|Any CPU.Build.0 = Release|Any CPU
		{EC2339C8-C408-0166-8F94-70DD1A9C3BF0}.Debug|Any CPU.ActiveCfg = Debug|Any CPU
		{EC2339C8-C408-0166-8F94-70DD1A9C3BF0}.Debug|Any CPU.Build.0 = Debug|Any CPU
		{EC2339C8-C408-0166-8F94-70DD1A9C3BF0}.Release|Any CPU.ActiveCfg = Release|Any CPU
		{EC2339C8-C408-0166-8F94-70DD1A9C3BF0}.Release|Any CPU.Build.0 = Release|Any CPU
		{36B6FF6B-8E54-F2DA-A65C-DAA2CF82F3C7}.Debug|Any CPU.ActiveCfg = Debug|Any CPU
		{36B6FF6B-8E54-F2DA-A65C-DAA2CF82F3C7}.Debug|Any CPU.Build.0 = Debug|Any CPU
		{36B6FF6B-8E54-F2DA-A65C-DAA2CF82F3C7}.Release|Any CPU.ActiveCfg = Release|Any CPU
		{36B6FF6B-8E54-F2DA-A65C-DAA2CF82F3C7}.Release|Any CPU.Build.0 = Release|Any CPU
		{31A72D10-EC0D-E297-EF1C-4E61E90A7202}.Debug|Any CPU.ActiveCfg = Debug|Any CPU
		{31A72D10-EC0D-E297-EF1C-4E61E90A7202}.Debug|Any CPU.Build.0 = Debug|Any CPU
		{31A72D10-EC0D-E297-EF1C-4E61E90A7202}.Release|Any CPU.ActiveCfg = Release|Any CPU
		{31A72D10-EC0D-E297-EF1C-4E61E90A7202}.Release|Any CPU.Build.0 = Release|Any CPU
		{01026C37-3E1A-D455-120E-4331DDC356A4}.Debug|Any CPU.ActiveCfg = Debug|Any CPU
		{01026C37-3E1A-D455-120E-4331DDC356A4}.Debug|Any CPU.Build.0 = Debug|Any CPU
		{01026C37-3E1A-D455-120E-4331DDC356A4}.Release|Any CPU.ActiveCfg = Release|Any CPU
		{01026C37-3E1A-D455-120E-4331DDC356A4}.Release|Any CPU.Build.0 = Release|Any CPU
		{48673020-CDA2-C490-8C1D-915A7F68A409}.Debug|Any CPU.ActiveCfg = Debug|Any CPU
		{48673020-CDA2-C490-8C1D-915A7F68A409}.Debug|Any CPU.Build.0 = Debug|Any CPU
		{48673020-CDA2-C490-8C1D-915A7F68A409}.Release|Any CPU.ActiveCfg = Release|Any CPU
		{48673020-CDA2-C490-8C1D-915A7F68A409}.Release|Any CPU.Build.0 = Release|Any CPU
		{5CB7CE09-E001-D863-5146-27FA493F7948}.Debug|Any CPU.ActiveCfg = Debug|Any CPU
		{5CB7CE09-E001-D863-5146-27FA493F7948}.Debug|Any CPU.Build.0 = Debug|Any CPU
		{5CB7CE09-E001-D863-5146-27FA493F7948}.Release|Any CPU.ActiveCfg = Release|Any CPU
		{5CB7CE09-E001-D863-5146-27FA493F7948}.Release|Any CPU.Build.0 = Release|Any CPU
		{08E99FC7-8584-F380-9FA1-1049A9863D23}.Debug|Any CPU.ActiveCfg = Debug|Any CPU
		{08E99FC7-8584-F380-9FA1-1049A9863D23}.Debug|Any CPU.Build.0 = Debug|Any CPU
		{08E99FC7-8584-F380-9FA1-1049A9863D23}.Release|Any CPU.ActiveCfg = Release|Any CPU
		{08E99FC7-8584-F380-9FA1-1049A9863D23}.Release|Any CPU.Build.0 = Release|Any CPU
		{B9796E57-B77C-C5B4-038B-10772ABFEB51}.Debug|Any CPU.ActiveCfg = Debug|Any CPU
		{B9796E57-B77C-C5B4-038B-10772ABFEB51}.Debug|Any CPU.Build.0 = Debug|Any CPU
		{B9796E57-B77C-C5B4-038B-10772ABFEB51}.Release|Any CPU.ActiveCfg = Release|Any CPU
		{B9796E57-B77C-C5B4-038B-10772ABFEB51}.Release|Any CPU.Build.0 = Release|Any CPU
		{7A293115-F21D-914E-32FD-311108B886AC}.Debug|Any CPU.ActiveCfg = Debug|Any CPU
		{7A293115-F21D-914E-32FD-311108B886AC}.Debug|Any CPU.Build.0 = Debug|Any CPU
		{7A293115-F21D-914E-32FD-311108B886AC}.Release|Any CPU.ActiveCfg = Release|Any CPU
		{7A293115-F21D-914E-32FD-311108B886AC}.Release|Any CPU.Build.0 = Release|Any CPU
		{4BCFC971-802C-7834-4B42-A930234C8248}.Debug|Any CPU.ActiveCfg = Debug|Any CPU
		{4BCFC971-802C-7834-4B42-A930234C8248}.Debug|Any CPU.Build.0 = Debug|Any CPU
		{4BCFC971-802C-7834-4B42-A930234C8248}.Release|Any CPU.ActiveCfg = Release|Any CPU
		{4BCFC971-802C-7834-4B42-A930234C8248}.Release|Any CPU.Build.0 = Release|Any CPU
		{085BD99B-80E0-95A0-C5B6-46D26B305F41}.Debug|Any CPU.ActiveCfg = Debug|Any CPU
		{085BD99B-80E0-95A0-C5B6-46D26B305F41}.Debug|Any CPU.Build.0 = Debug|Any CPU
		{085BD99B-80E0-95A0-C5B6-46D26B305F41}.Release|Any CPU.ActiveCfg = Release|Any CPU
		{085BD99B-80E0-95A0-C5B6-46D26B305F41}.Release|Any CPU.Build.0 = Release|Any CPU
		{F7BF6A89-6A7E-8256-7120-A3B853535F54}.Debug|Any CPU.ActiveCfg = Debug|Any CPU
		{F7BF6A89-6A7E-8256-7120-A3B853535F54}.Debug|Any CPU.Build.0 = Debug|Any CPU
		{F7BF6A89-6A7E-8256-7120-A3B853535F54}.Release|Any CPU.ActiveCfg = Release|Any CPU
		{F7BF6A89-6A7E-8256-7120-A3B853535F54}.Release|Any CPU.Build.0 = Release|Any CPU
		{90E8F8E5-EF75-0D38-2451-2AED92E436CC}.Debug|Any CPU.ActiveCfg = Debug|Any CPU
		{90E8F8E5-EF75-0D38-2451-2AED92E436CC}.Debug|Any CPU.Build.0 = Debug|Any CPU
		{90E8F8E5-EF75-0D38-2451-2AED92E436CC}.Release|Any CPU.ActiveCfg = Release|Any CPU
		{90E8F8E5-EF75-0D38-2451-2AED92E436CC}.Release|Any CPU.Build.0 = Release|Any CPU
		{4FC0C396-6941-7B09-4BD3-F6A189330C90}.Debug|Any CPU.ActiveCfg = Debug|Any CPU
		{4FC0C396-6941-7B09-4BD3-F6A189330C90}.Debug|Any CPU.Build.0 = Debug|Any CPU
		{4FC0C396-6941-7B09-4BD3-F6A189330C90}.Release|Any CPU.ActiveCfg = Release|Any CPU
		{4FC0C396-6941-7B09-4BD3-F6A189330C90}.Release|Any CPU.Build.0 = Release|Any CPU
		{D1AFC862-E771-C22A-20BC-F87708F054FF}.Debug|Any CPU.ActiveCfg = Debug|Any CPU
		{D1AFC862-E771-C22A-20BC-F87708F054FF}.Debug|Any CPU.Build.0 = Debug|Any CPU
		{D1AFC862-E771-C22A-20BC-F87708F054FF}.Release|Any CPU.ActiveCfg = Release|Any CPU
		{D1AFC862-E771-C22A-20BC-F87708F054FF}.Release|Any CPU.Build.0 = Release|Any CPU
		{45E7B541-6A17-DFF3-30C0-BA98F6BB4AC5}.Debug|Any CPU.ActiveCfg = Debug|Any CPU
		{45E7B541-6A17-DFF3-30C0-BA98F6BB4AC5}.Debug|Any CPU.Build.0 = Debug|Any CPU
		{45E7B541-6A17-DFF3-30C0-BA98F6BB4AC5}.Release|Any CPU.ActiveCfg = Release|Any CPU
		{45E7B541-6A17-DFF3-30C0-BA98F6BB4AC5}.Release|Any CPU.Build.0 = Release|Any CPU
		{8A1C9687-9726-F690-57E5-3B2CF16915F4}.Debug|Any CPU.ActiveCfg = Debug|Any CPU
		{8A1C9687-9726-F690-57E5-3B2CF16915F4}.Debug|Any CPU.Build.0 = Debug|Any CPU
		{8A1C9687-9726-F690-57E5-3B2CF16915F4}.Release|Any CPU.ActiveCfg = Release|Any CPU
		{8A1C9687-9726-F690-57E5-3B2CF16915F4}.Release|Any CPU.Build.0 = Release|Any CPU
		{697CAED8-0C1A-9D50-143B-F582F96BA3A6}.Debug|Any CPU.ActiveCfg = Debug|Any CPU
		{697CAED8-0C1A-9D50-143B-F582F96BA3A6}.Debug|Any CPU.Build.0 = Debug|Any CPU
		{697CAED8-0C1A-9D50-143B-F582F96BA3A6}.Release|Any CPU.ActiveCfg = Release|Any CPU
		{697CAED8-0C1A-9D50-143B-F582F96BA3A6}.Release|Any CPU.Build.0 = Release|Any CPU
		{19050BC1-6B72-E972-2CC8-26D492AD6A48}.Debug|Any CPU.ActiveCfg = Debug|Any CPU
		{19050BC1-6B72-E972-2CC8-26D492AD6A48}.Debug|Any CPU.Build.0 = Debug|Any CPU
		{19050BC1-6B72-E972-2CC8-26D492AD6A48}.Release|Any CPU.ActiveCfg = Release|Any CPU
		{19050BC1-6B72-E972-2CC8-26D492AD6A48}.Release|Any CPU.Build.0 = Release|Any CPU
		{9DFDF4C0-A97D-F8E0-B220-EE5A98DA10D3}.Debug|Any CPU.ActiveCfg = Debug|Any CPU
		{9DFDF4C0-A97D-F8E0-B220-EE5A98DA10D3}.Debug|Any CPU.Build.0 = Debug|Any CPU
		{9DFDF4C0-A97D-F8E0-B220-EE5A98DA10D3}.Release|Any CPU.ActiveCfg = Release|Any CPU
		{9DFDF4C0-A97D-F8E0-B220-EE5A98DA10D3}.Release|Any CPU.Build.0 = Release|Any CPU
		{24E9DEE6-0779-C08C-F88D-D56F36AE6A45}.Debug|Any CPU.ActiveCfg = Debug|Any CPU
		{24E9DEE6-0779-C08C-F88D-D56F36AE6A45}.Debug|Any CPU.Build.0 = Debug|Any CPU
		{24E9DEE6-0779-C08C-F88D-D56F36AE6A45}.Release|Any CPU.ActiveCfg = Release|Any CPU
		{24E9DEE6-0779-C08C-F88D-D56F36AE6A45}.Release|Any CPU.Build.0 = Release|Any CPU
		{1D727360-D770-D4EC-1DE9-181374D09E52}.Debug|Any CPU.ActiveCfg = Debug|Any CPU
		{1D727360-D770-D4EC-1DE9-181374D09E52}.Debug|Any CPU.Build.0 = Debug|Any CPU
		{1D727360-D770-D4EC-1DE9-181374D09E52}.Release|Any CPU.ActiveCfg = Release|Any CPU
		{1D727360-D770-D4EC-1DE9-181374D09E52}.Release|Any CPU.Build.0 = Release|Any CPU
		{C92AE2ED-D149-D264-152D-3B0EBB2956CB}.Debug|Any CPU.ActiveCfg = Debug|Any CPU
		{C92AE2ED-D149-D264-152D-3B0EBB2956CB}.Debug|Any CPU.Build.0 = Debug|Any CPU
		{C92AE2ED-D149-D264-152D-3B0EBB2956CB}.Release|Any CPU.ActiveCfg = Release|Any CPU
		{C92AE2ED-D149-D264-152D-3B0EBB2956CB}.Release|Any CPU.Build.0 = Release|Any CPU
		{E1732EAB-4673-0A00-3EFA-0073843502B7}.Debug|Any CPU.ActiveCfg = Debug|Any CPU
		{E1732EAB-4673-0A00-3EFA-0073843502B7}.Debug|Any CPU.Build.0 = Debug|Any CPU
		{E1732EAB-4673-0A00-3EFA-0073843502B7}.Release|Any CPU.ActiveCfg = Release|Any CPU
		{E1732EAB-4673-0A00-3EFA-0073843502B7}.Release|Any CPU.Build.0 = Release|Any CPU
		{2CAD71A0-8589-C061-8068-C583A773D652}.Debug|Any CPU.ActiveCfg = Debug|Any CPU
		{2CAD71A0-8589-C061-8068-C583A773D652}.Debug|Any CPU.Build.0 = Debug|Any CPU
		{2CAD71A0-8589-C061-8068-C583A773D652}.Release|Any CPU.ActiveCfg = Release|Any CPU
		{2CAD71A0-8589-C061-8068-C583A773D652}.Release|Any CPU.Build.0 = Release|Any CPU
		{99548663-75A5-C07F-13B3-5138B3F6ECB0}.Debug|Any CPU.ActiveCfg = Debug|Any CPU
		{99548663-75A5-C07F-13B3-5138B3F6ECB0}.Debug|Any CPU.Build.0 = Debug|Any CPU
		{99548663-75A5-C07F-13B3-5138B3F6ECB0}.Release|Any CPU.ActiveCfg = Release|Any CPU
		{99548663-75A5-C07F-13B3-5138B3F6ECB0}.Release|Any CPU.Build.0 = Release|Any CPU
		{E1F03588-3143-FE2B-D1FD-781EEE6146EC}.Debug|Any CPU.ActiveCfg = Debug|Any CPU
		{E1F03588-3143-FE2B-D1FD-781EEE6146EC}.Debug|Any CPU.Build.0 = Debug|Any CPU
		{E1F03588-3143-FE2B-D1FD-781EEE6146EC}.Release|Any CPU.ActiveCfg = Release|Any CPU
		{E1F03588-3143-FE2B-D1FD-781EEE6146EC}.Release|Any CPU.Build.0 = Release|Any CPU
		{FF3DA56F-380C-51D9-0F42-C1B95477D85D}.Debug|Any CPU.ActiveCfg = Debug|Any CPU
		{FF3DA56F-380C-51D9-0F42-C1B95477D85D}.Debug|Any CPU.Build.0 = Debug|Any CPU
		{FF3DA56F-380C-51D9-0F42-C1B95477D85D}.Release|Any CPU.ActiveCfg = Release|Any CPU
		{FF3DA56F-380C-51D9-0F42-C1B95477D85D}.Release|Any CPU.Build.0 = Release|Any CPU
		{1FF6A505-B8FA-496D-7DE9-7680DDB97557}.Debug|Any CPU.ActiveCfg = Debug|Any CPU
		{1FF6A505-B8FA-496D-7DE9-7680DDB97557}.Debug|Any CPU.Build.0 = Debug|Any CPU
		{1FF6A505-B8FA-496D-7DE9-7680DDB97557}.Release|Any CPU.ActiveCfg = Release|Any CPU
		{1FF6A505-B8FA-496D-7DE9-7680DDB97557}.Release|Any CPU.Build.0 = Release|Any CPU
		{3D41E450-5B6D-8514-53E4-4C5E13316B6F}.Debug|Any CPU.ActiveCfg = Debug|Any CPU
		{3D41E450-5B6D-8514-53E4-4C5E13316B6F}.Debug|Any CPU.Build.0 = Debug|Any CPU
		{3D41E450-5B6D-8514-53E4-4C5E13316B6F}.Release|Any CPU.ActiveCfg = Release|Any CPU
		{3D41E450-5B6D-8514-53E4-4C5E13316B6F}.Release|Any CPU.Build.0 = Release|Any CPU
		{672DADD8-17CB-0CDA-CDD3-8312CA287701}.Debug|Any CPU.ActiveCfg = Debug|Any CPU
		{672DADD8-17CB-0CDA-CDD3-8312CA287701}.Debug|Any CPU.Build.0 = Debug|Any CPU
		{672DADD8-17CB-0CDA-CDD3-8312CA287701}.Release|Any CPU.ActiveCfg = Release|Any CPU
		{672DADD8-17CB-0CDA-CDD3-8312CA287701}.Release|Any CPU.Build.0 = Release|Any CPU
		{8F1E2736-5550-9A34-999A-5CB27DFFB411}.Debug|Any CPU.ActiveCfg = Debug|Any CPU
		{8F1E2736-5550-9A34-999A-5CB27DFFB411}.Debug|Any CPU.Build.0 = Debug|Any CPU
		{8F1E2736-5550-9A34-999A-5CB27DFFB411}.Release|Any CPU.ActiveCfg = Release|Any CPU
		{8F1E2736-5550-9A34-999A-5CB27DFFB411}.Release|Any CPU.Build.0 = Release|Any CPU
		{2A9F1C7D-4C73-74B6-E731-4D790FD5E35C}.Debug|Any CPU.ActiveCfg = Debug|Any CPU
		{2A9F1C7D-4C73-74B6-E731-4D790FD5E35C}.Debug|Any CPU.Build.0 = Debug|Any CPU
		{2A9F1C7D-4C73-74B6-E731-4D790FD5E35C}.Release|Any CPU.ActiveCfg = Release|Any CPU
		{2A9F1C7D-4C73-74B6-E731-4D790FD5E35C}.Release|Any CPU.Build.0 = Release|Any CPU
		{FCF8198B-EC54-32F5-B3D3-19D4BD195578}.Debug|Any CPU.ActiveCfg = Debug|Any CPU
		{FCF8198B-EC54-32F5-B3D3-19D4BD195578}.Debug|Any CPU.Build.0 = Debug|Any CPU
		{FCF8198B-EC54-32F5-B3D3-19D4BD195578}.Release|Any CPU.ActiveCfg = Release|Any CPU
		{FCF8198B-EC54-32F5-B3D3-19D4BD195578}.Release|Any CPU.Build.0 = Release|Any CPU
		{F960B4D6-3204-E20E-7B1A-E7BA28CE6CE8}.Debug|Any CPU.ActiveCfg = Debug|Any CPU
		{F960B4D6-3204-E20E-7B1A-E7BA28CE6CE8}.Debug|Any CPU.Build.0 = Debug|Any CPU
		{F960B4D6-3204-E20E-7B1A-E7BA28CE6CE8}.Release|Any CPU.ActiveCfg = Release|Any CPU
		{F960B4D6-3204-E20E-7B1A-E7BA28CE6CE8}.Release|Any CPU.Build.0 = Release|Any CPU
		{D5FA5AB6-676E-FD4B-8575-1AA7FD393734}.Debug|Any CPU.ActiveCfg = Debug|Any CPU
		{D5FA5AB6-676E-FD4B-8575-1AA7FD393734}.Debug|Any CPU.Build.0 = Debug|Any CPU
		{D5FA5AB6-676E-FD4B-8575-1AA7FD393734}.Release|Any CPU.ActiveCfg = Release|Any CPU
		{D5FA5AB6-676E-FD4B-8575-1AA7FD393734}.Release|Any CPU.Build.0 = Release|Any CPU
		{44D0B62A-181D-5EA8-3267-26069672D46A}.Debug|Any CPU.ActiveCfg = Debug|Any CPU
		{44D0B62A-181D-5EA8-3267-26069672D46A}.Debug|Any CPU.Build.0 = Debug|Any CPU
		{44D0B62A-181D-5EA8-3267-26069672D46A}.Release|Any CPU.ActiveCfg = Release|Any CPU
		{44D0B62A-181D-5EA8-3267-26069672D46A}.Release|Any CPU.Build.0 = Release|Any CPU
		{64E80031-C6A1-D416-7F5E-B8124783A667}.Debug|Any CPU.ActiveCfg = Debug|Any CPU
		{64E80031-C6A1-D416-7F5E-B8124783A667}.Debug|Any CPU.Build.0 = Debug|Any CPU
		{64E80031-C6A1-D416-7F5E-B8124783A667}.Release|Any CPU.ActiveCfg = Release|Any CPU
		{64E80031-C6A1-D416-7F5E-B8124783A667}.Release|Any CPU.Build.0 = Release|Any CPU
		{93AB2D3B-B3DF-86A0-37B6-D030D58034E2}.Debug|Any CPU.ActiveCfg = Debug|Any CPU
		{93AB2D3B-B3DF-86A0-37B6-D030D58034E2}.Debug|Any CPU.Build.0 = Debug|Any CPU
		{93AB2D3B-B3DF-86A0-37B6-D030D58034E2}.Release|Any CPU.ActiveCfg = Release|Any CPU
		{93AB2D3B-B3DF-86A0-37B6-D030D58034E2}.Release|Any CPU.Build.0 = Release|Any CPU
		{56C51E1A-E2A4-3989-9506-77D7A33B5149}.Debug|Any CPU.ActiveCfg = Debug|Any CPU
		{56C51E1A-E2A4-3989-9506-77D7A33B5149}.Debug|Any CPU.Build.0 = Debug|Any CPU
		{56C51E1A-E2A4-3989-9506-77D7A33B5149}.Release|Any CPU.ActiveCfg = Release|Any CPU
		{56C51E1A-E2A4-3989-9506-77D7A33B5149}.Release|Any CPU.Build.0 = Release|Any CPU
		{6F870DD2-62C6-598F-A078-CD4AC0313BB6}.Debug|Any CPU.ActiveCfg = Debug|Any CPU
		{6F870DD2-62C6-598F-A078-CD4AC0313BB6}.Debug|Any CPU.Build.0 = Debug|Any CPU
		{6F870DD2-62C6-598F-A078-CD4AC0313BB6}.Release|Any CPU.ActiveCfg = Release|Any CPU
		{6F870DD2-62C6-598F-A078-CD4AC0313BB6}.Release|Any CPU.Build.0 = Release|Any CPU
		{DF12C766-A3A5-E999-BA6C-34C454B71128}.Debug|Any CPU.ActiveCfg = Debug|Any CPU
		{DF12C766-A3A5-E999-BA6C-34C454B71128}.Debug|Any CPU.Build.0 = Debug|Any CPU
		{DF12C766-A3A5-E999-BA6C-34C454B71128}.Release|Any CPU.ActiveCfg = Release|Any CPU
		{DF12C766-A3A5-E999-BA6C-34C454B71128}.Release|Any CPU.Build.0 = Release|Any CPU
		{0EC16A10-30EF-3E24-7E12-89782ACE1DD4}.Debug|Any CPU.ActiveCfg = Debug|Any CPU
		{0EC16A10-30EF-3E24-7E12-89782ACE1DD4}.Debug|Any CPU.Build.0 = Debug|Any CPU
		{0EC16A10-30EF-3E24-7E12-89782ACE1DD4}.Release|Any CPU.ActiveCfg = Release|Any CPU
		{0EC16A10-30EF-3E24-7E12-89782ACE1DD4}.Release|Any CPU.Build.0 = Release|Any CPU
		{9A19B643-A460-DA13-9BE5-7CE28AFC194F}.Debug|Any CPU.ActiveCfg = Debug|Any CPU
		{9A19B643-A460-DA13-9BE5-7CE28AFC194F}.Debug|Any CPU.Build.0 = Debug|Any CPU
		{9A19B643-A460-DA13-9BE5-7CE28AFC194F}.Release|Any CPU.ActiveCfg = Release|Any CPU
		{9A19B643-A460-DA13-9BE5-7CE28AFC194F}.Release|Any CPU.Build.0 = Release|Any CPU
		{A93606ED-547C-BA1B-EF0B-0F28DFEEFFC0}.Debug|Any CPU.ActiveCfg = Debug|Any CPU
		{A93606ED-547C-BA1B-EF0B-0F28DFEEFFC0}.Debug|Any CPU.Build.0 = Debug|Any CPU
		{A93606ED-547C-BA1B-EF0B-0F28DFEEFFC0}.Release|Any CPU.ActiveCfg = Release|Any CPU
		{A93606ED-547C-BA1B-EF0B-0F28DFEEFFC0}.Release|Any CPU.Build.0 = Release|Any CPU
	EndGlobalSection
	GlobalSection(SolutionProperties) = preSolution
		HideSolutionNode = FALSE
	EndGlobalSection
EndGlobal
